
Microsoft Visual Studio Solution File, Format Version 12.00
# Visual Studio 15
VisualStudioVersion = 15.0.28307.539
MinimumVisualStudioVersion = 10.0.40219.1
Project("{FAE04EC0-301F-11D3-BF4B-00C04F79EFBC}") = "Monopoly", "Monopoly\Monopoly.csproj", "{473F76DB-8126-4DDF-92E6-31256ABE8C58}"
EndProject
Global
	GlobalSection(SolutionConfigurationPlatforms) = preSolution
		Debug|Any CPU = Debug|Any CPU
		Release|Any CPU = Release|Any CPU
	EndGlobalSection
	GlobalSection(ProjectConfigurationPlatforms) = postSolution
		{473F76DB-8126-4DDF-92E6-31256ABE8C58}.Debug|Any CPU.ActiveCfg = Debug|Any CPU
		{473F76DB-8126-4DDF-92E6-31256ABE8C58}.Debug|Any CPU.Build.0 = Debug|Any CPU
		{473F76DB-8126-4DDF-92E6-31256ABE8C58}.Release|Any CPU.ActiveCfg = Release|Any CPU
		{473F76DB-8126-4DDF-92E6-31256ABE8C58}.Release|Any CPU.Build.0 = Release|Any CPU
	EndGlobalSection
	GlobalSection(SolutionProperties) = preSolution
		HideSolutionNode = FALSE
	EndGlobalSection
	GlobalSection(ExtensibilityGlobals) = postSolution
		SolutionGuid = {56DB6229-8FDC-441D-AA1A-8D8D0F0D7114}
	EndGlobalSection
EndGlobal
